// !$*UTF8*$!
{
	archiveVersion = 1;
	classes = {
	};
	objectVersion = 48;
	objects = {

/* Begin PBXBuildFile section */
		914FA4231F951CFF001FEE08 /* AppDelegate.swift in Sources */ = {isa = PBXBuildFile; fileRef = 914FA4221F951CFF001FEE08 /* AppDelegate.swift */; };
		914FA4251F951CFF001FEE08 /* ViewController.swift in Sources */ = {isa = PBXBuildFile; fileRef = 914FA4241F951CFF001FEE08 /* ViewController.swift */; };
		914FA4281F951CFF001FEE08 /* Main.storyboard in Resources */ = {isa = PBXBuildFile; fileRef = 914FA4261F951CFF001FEE08 /* Main.storyboard */; };
		914FA42A1F951CFF001FEE08 /* Assets.xcassets in Resources */ = {isa = PBXBuildFile; fileRef = 914FA4291F951CFF001FEE08 /* Assets.xcassets */; };
		914FA42D1F951CFF001FEE08 /* LaunchScreen.storyboard in Resources */ = {isa = PBXBuildFile; fileRef = 914FA42B1F951CFF001FEE08 /* LaunchScreen.storyboard */; };
/* End PBXBuildFile section */

/* Begin PBXFileReference section */
		914FA41F1F951CFF001FEE08 /* Remind.app */ = {isa = PBXFileReference; explicitFileType = wrapper.application; includeInIndex = 0; path = Remind.app; sourceTree = BUILT_PRODUCTS_DIR; };
		914FA4221F951CFF001FEE08 /* AppDelegate.swift */ = {isa = PBXFileReference; lastKnownFileType = sourcecode.swift; path = AppDelegate.swift; sourceTree = "<group>"; };
		914FA4241F951CFF001FEE08 /* ViewController.swift */ = {isa = PBXFileReference; lastKnownFileType = sourcecode.swift; path = ViewController.swift; sourceTree = "<group>"; };
		914FA4271F951CFF001FEE08 /* Base */ = {isa = PBXFileReference; lastKnownFileType = file.storyboard; name = Base; path = Base.lproj/Main.storyboard; sourceTree = "<group>"; };
		914FA4291F951CFF001FEE08 /* Assets.xcassets */ = {isa = PBXFileReference; lastKnownFileType = folder.assetcatalog; path = Assets.xcassets; sourceTree = "<group>"; };
		914FA42C1F951CFF001FEE08 /* Base */ = {isa = PBXFileReference; lastKnownFileType = file.storyboard; name = Base; path = Base.lproj/LaunchScreen.storyboard; sourceTree = "<group>"; };
		914FA42E1F951CFF001FEE08 /* Info.plist */ = {isa = PBXFileReference; lastKnownFileType = text.plist.xml; path = Info.plist; sourceTree = "<group>"; };
/* End PBXFileReference section */

/* Begin PBXFrameworksBuildPhase section */
		914FA41C1F951CFF001FEE08 /* Frameworks */ = {
			isa = PBXFrameworksBuildPhase;
			buildActionMask = 2147483647;
			files = (
			);
			runOnlyForDeploymentPostprocessing = 0;
		};
/* End PBXFrameworksBuildPhase section */

/* Begin PBXGroup section */
		914FA4161F951CFF001FEE08 = {
			isa = PBXGroup;
			children = (
				914FA4211F951CFF001FEE08 /* Remind */,
				914FA4201F951CFF001FEE08 /* Products */,
			);
			sourceTree = "<group>";
		};
		914FA4201F951CFF001FEE08 /* Products */ = {
			isa = PBXGroup;
			children = (
				914FA41F1F951CFF001FEE08 /* Remind.app */,
			);
			name = Products;
			sourceTree = "<group>";
		};
		914FA4211F951CFF001FEE08 /* Remind */ = {
			isa = PBXGroup;
			children = (
				914FA4221F951CFF001FEE08 /* AppDelegate.swift */,
				914FA4241F951CFF001FEE08 /* ViewController.swift */,
				914FA4261F951CFF001FEE08 /* Main.storyboard */,
				914FA4291F951CFF001FEE08 /* Assets.xcassets */,
				914FA42B1F951CFF001FEE08 /* LaunchScreen.storyboard */,
				914FA42E1F951CFF001FEE08 /* Info.plist */,
			);
			path = Remind;
			sourceTree = "<group>";
		};
/* End PBXGroup section */

/* Begin PBXNativeTarget section */
		914FA41E1F951CFF001FEE08 /* Remind */ = {
			isa = PBXNativeTarget;
			buildConfigurationList = 914FA4311F951CFF001FEE08 /* Build configuration list for PBXNativeTarget "Remind" */;
			buildPhases = (
				914FA41B1F951CFF001FEE08 /* Sources */,
				914FA41C1F951CFF001FEE08 /* Frameworks */,
				914FA41D1F951CFF001FEE08 /* Resources */,
			);
			buildRules = (
			);
			dependencies = (
			);
			name = Remind;
			productName = Remind;
			productReference = 914FA41F1F951CFF001FEE08 /* Remind.app */;
			productType = "com.apple.product-type.application";
		};
/* End PBXNativeTarget section */

/* Begin PBXProject section */
		914FA4171F951CFF001FEE08 /* Project object */ = {
			isa = PBXProject;
			attributes = {
				LastSwiftUpdateCheck = 0900;
				LastUpgradeCheck = 0900;
				ORGANIZATIONNAME = "Stanley Pan";
				TargetAttributes = {
					914FA41E1F951CFF001FEE08 = {
						CreatedOnToolsVersion = 9.0;
						ProvisioningStyle = Automatic;
					};
				};
			};
			buildConfigurationList = 914FA41A1F951CFF001FEE08 /* Build configuration list for PBXProject "Remind" */;
			compatibilityVersion = "Xcode 8.0";
			developmentRegion = en;
			hasScannedForEncodings = 0;
			knownRegions = (
				en,
				Base,
			);
			mainGroup = 914FA4161F951CFF001FEE08;
			productRefGroup = 914FA4201F951CFF001FEE08 /* Products */;
			projectDirPath = "";
			projectRoot = "";
			targets = (
				914FA41E1F951CFF001FEE08 /* Remind */,
			);
		};
/* End PBXProject section */

/* Begin PBXResourcesBuildPhase section */
		914FA41D1F951CFF001FEE08 /* Resources */ = {
			isa = PBXResourcesBuildPhase;
			buildActionMask = 2147483647;
			files = (
				914FA42D1F951CFF001FEE08 /* LaunchScreen.storyboard in Resources */,
				914FA42A1F951CFF001FEE08 /* Assets.xcassets in Resources */,
				914FA4281F951CFF001FEE08 /* Main.storyboard in Resources */,
			);
			runOnlyForDeploymentPostprocessing = 0;
		};
/* End PBXResourcesBuildPhase section */

/* Begin PBXSourcesBuildPhase section */
		914FA41B1F951CFF001FEE08 /* Sources */ = {
			isa = PBXSourcesBuildPhase;
			buildActionMask = 2147483647;
			files = (
				914FA4251F951CFF001FEE08 /* ViewController.swift in Sources */,
				914FA4231F951CFF001FEE08 /* AppDelegate.swift in Sources */,
			);
			runOnlyForDeploymentPostprocessing = 0;
		};
/* End PBXSourcesBuildPhase section */

/* Begin PBXVariantGroup section */
		914FA4261F951CFF001FEE08 /* Main.storyboard */ = {
			isa = PBXVariantGroup;
			children = (
				914FA4271F951CFF001FEE08 /* Base */,
			);
			name = Main.storyboard;
			sourceTree = "<group>";
		};
		914FA42B1F951CFF001FEE08 /* LaunchScreen.storyboard */ = {
			isa = PBXVariantGroup;
			children = (
				914FA42C1F951CFF001FEE08 /* Base */,
			);
			name = LaunchScreen.storyboard;
			sourceTree = "<group>";
		};
/* End PBXVariantGroup section */

/* Begin XCBuildConfiguration section */
		914FA42F1F951CFF001FEE08 /* Debug */ = {
			isa = XCBuildConfiguration;
			buildSettings = {
				ALWAYS_SEARCH_USER_PATHS = NO;
				CLANG_ANALYZER_NONNULL = YES;
				CLANG_ANALYZER_NUMBER_OBJECT_CONVERSION = YES_AGGRESSIVE;
				CLANG_CXX_LANGUAGE_STANDARD = "gnu++14";
				CLANG_CXX_LIBRARY = "libc++";
				CLANG_ENABLE_MODULES = YES;
				CLANG_ENABLE_OBJC_ARC = YES;
				CLANG_WARN_BLOCK_CAPTURE_AUTORELEASING = YES;
				CLANG_WARN_BOOL_CONVERSION = YES;
				CLANG_WARN_COMMA = YES;
				CLANG_WARN_CONSTANT_CONVERSION = YES;
				CLANG_WARN_DIRECT_OBJC_ISA_USAGE = YES_ERROR;
				CLANG_WARN_DOCUMENTATION_COMMENTS = YES;
				CLANG_WARN_EMPTY_BODY = YES;
				CLANG_WARN_ENUM_CONVERSION = YES;
				CLANG_WARN_INFINITE_RECURSION = YES;
				CLANG_WARN_INT_CONVERSION = YES;
				CLANG_WARN_NON_LITERAL_NULL_CONVERSION = YES;
				CLANG_WARN_OBJC_LITERAL_CONVERSION = YES;
				CLANG_WARN_OBJC_ROOT_CLASS = YES_ERROR;
				CLANG_WARN_RANGE_LOOP_ANALYSIS = YES;
				CLANG_WARN_STRICT_PROTOTYPES = YES;
				CLANG_WARN_SUSPICIOUS_MOVE = YES;
				CLANG_WARN_UNGUARDED_AVAILABILITY = YES_AGGRESSIVE;
				CLANG_WARN_UNREACHABLE_CODE = YES;
				CLANG_WARN__DUPLICATE_METHOD_MATCH = YES;
				CODE_SIGN_IDENTITY = "iPhone Developer";
				COPY_PHASE_STRIP = NO;
				DEBUG_INFORMATION_FORMAT = dwarf;
				ENABLE_STRICT_OBJC_MSGSEND = YES;
				ENABLE_TESTABILITY = YES;
				GCC_C_LANGUAGE_STANDARD = gnu11;
				GCC_DYNAMIC_NO_PIC = NO;
				GCC_NO_COMMON_BLOCKS = YES;
				GCC_OPTIMIZATION_LEVEL = 0;
				GCC_PREPROCESSOR_DEFINITIONS = (
					"DEBUG=1",
					"$(inherited)",
				);
				GCC_WARN_64_TO_32_BIT_CONVERSION = YES;
				GCC_WARN_ABOUT_RETURN_TYPE = YES_ERROR;
				GCC_WARN_UNDECLARED_SELECTOR = YES;
				GCC_WARN_UNINITIALIZED_AUTOS = YES_AGGRESSIVE;
				GCC_WARN_UNUSED_FUNCTION = YES;
				GCC_WARN_UNUSED_VARIABLE = YES;
				IPHONEOS_DEPLOYMENT_TARGET = 11.0;
				MTL_ENABLE_DEBUG_INFO = YES;
				ONLY_ACTIVE_ARCH = YES;
				SDKROOT = iphoneos;
				SWIFT_ACTIVE_COMPILATION_CONDITIONS = DEBUG;
				SWIFT_OPTIMIZATION_LEVEL = "-Onone";
			};
			name = Debug;
		};
		914FA4301F951CFF001FEE08 /* Release */ = {
			isa = XCBuildConfiguration;
			buildSettings = {
				ALWAYS_SEARCH_USER_PATHS = NO;
				CLANG_ANALYZER_NONNULL = YES;
				CLANG_ANALYZER_NUMBER_OBJECT_CONVERSION = YES_AGGRESSIVE;
				CLANG_CXX_LANGUAGE_STANDARD = "gnu++14";
				CLANG_CXX_LIBRARY = "libc++";
				CLANG_ENABLE_MODULES = YES;
				CLANG_ENABLE_OBJC_ARC = YES;
				CLANG_WARN_BLOCK_CAPTURE_AUTORELEASING = YES;
				CLANG_WARN_BOOL_CONVERSION = YES;
				CLANG_WARN_COMMA = YES;
				CLANG_WARN_CONSTANT_CONVERSION = YES;
				CLANG_WARN_DIRECT_OBJC_ISA_USAGE = YES_ERROR;
				CLANG_WARN_DOCUMENTATION_COMMENTS = YES;
				CLANG_WARN_EMPTY_BODY = YES;
				CLANG_WARN_ENUM_CONVERSION = YES;
				CLANG_WARN_INFINITE_RECURSION = YES;
				CLANG_WARN_INT_CONVERSION = YES;
				CLANG_WARN_NON_LITERAL_NULL_CONVERSION = YES;
				CLANG_WARN_OBJC_LITERAL_CONVERSION = YES;
				CLANG_WARN_OBJC_ROOT_CLASS = YES_ERROR;
				CLANG_WARN_RANGE_LOOP_ANALYSIS = YES;
				CLANG_WARN_STRICT_PROTOTYPES = YES;
				CLANG_WARN_SUSPICIOUS_MOVE = YES;
				CLANG_WARN_UNGUARDED_AVAILABILITY = YES_AGGRESSIVE;
				CLANG_WARN_UNREACHABLE_CODE = YES;
				CLANG_WARN__DUPLICATE_METHOD_MATCH = YES;
				CODE_SIGN_IDENTITY = "iPhone Developer";
				COPY_PHASE_STRIP = NO;
				DEBUG_INFORMATION_FORMAT = "dwarf-with-dsym";
				ENABLE_NS_ASSERTIONS = NO;
				ENABLE_STRICT_OBJC_MSGSEND = YES;
				GCC_C_LANGUAGE_STANDARD = gnu11;
				GCC_NO_COMMON_BLOCKS = YES;
				GCC_WARN_64_TO_32_BIT_CONVERSION = YES;
				GCC_WARN_ABOUT_RETURN_TYPE = YES_ERROR;
				GCC_WARN_UNDECLARED_SELECTOR = YES;
				GCC_WARN_UNINITIALIZED_AUTOS = YES_AGGRESSIVE;
				GCC_WARN_UNUSED_FUNCTION = YES;
				GCC_WARN_UNUSED_VARIABLE = YES;
				IPHONEOS_DEPLOYMENT_TARGET = 11.0;
				MTL_ENABLE_DEBUG_INFO = NO;
				SDKROOT = iphoneos;
				SWIFT_OPTIMIZATION_LEVEL = "-Owholemodule";
				VALIDATE_PRODUCT = YES;
			};
			name = Release;
		};
		914FA4321F951CFF001FEE08 /* Debug */ = {
			isa = XCBuildConfiguration;
			buildSettings = {
				ASSETCATALOG_COMPILER_APPICON_NAME = AppIcon;
				CODE_SIGN_STYLE = Automatic;
				DEVELOPMENT_TEAM = P48JT8XFF3;
				INFOPLIST_FILE = Remind/Info.plist;
				LD_RUNPATH_SEARCH_PATHS = "$(inherited) @executable_path/Frameworks";
				PRODUCT_BUNDLE_IDENTIFIER = com.stanleypan.Remind;
				PRODUCT_NAME = "$(TARGET_NAME)";
				SWIFT_VERSION = 4.0;
				TARGETED_DEVICE_FAMILY = "1,2";
			};
			name = Debug;
		};
		914FA4331F951CFF001FEE08 /* Release */ = {
			isa = XCBuildConfiguration;
			buildSettings = {
				ASSETCATALOG_COMPILER_APPICON_NAME = AppIcon;
				CODE_SIGN_STYLE = Automatic;
				DEVELOPMENT_TEAM = P48JT8XFF3;
				INFOPLIST_FILE = Remind/Info.plist;
				LD_RUNPATH_SEARCH_PATHS = "$(inherited) @executable_path/Frameworks";
				PRODUCT_BUNDLE_IDENTIFIER = com.stanleypan.Remind;
				PRODUCT_NAME = "$(TARGET_NAME)";
				SWIFT_VERSION = 4.0;
				TARGETED_DEVICE_FAMILY = "1,2";
			};
			name = Release;
		};
/* End XCBuildConfiguration section */

/* Begin XCConfigurationList section */
		914FA41A1F951CFF001FEE08 /* Build configuration list for PBXProject "Remind" */ = {
			isa = XCConfigurationList;
			buildConfigurations = (
				914FA42F1F951CFF001FEE08 /* Debug */,
				914FA4301F951CFF001FEE08 /* Release */,
			);
			defaultConfigurationIsVisible = 0;
			defaultConfigurationName = Release;
		};
		914FA4311F951CFF001FEE08 /* Build configuration list for PBXNativeTarget "Remind" */ = {
			isa = XCConfigurationList;
			buildConfigurations = (
				914FA4321F951CFF001FEE08 /* Debug */,
				914FA4331F951CFF001FEE08 /* Release */,
			);
			defaultConfigurationIsVisible = 0;
			defaultConfigurationName = Release;
		};
/* End XCConfigurationList section */
	};
	rootObject = 914FA4171F951CFF001FEE08 /* Project object */;
}
